// !$*UTF8*$!
{
	archiveVersion = 1;
	classes = {
	};
	objectVersion = 46;
	objects = {

/* Begin PBXBuildFile section */
		8866E30D1C1DC3BC00E1BE9F /* main.m in Sources */ = {isa = PBXBuildFile; fileRef = 8866E30C1C1DC3BC00E1BE9F /* main.m */; };
		8866E3101C1DC3BC00E1BE9F /* AppDelegate.m in Sources */ = {isa = PBXBuildFile; fileRef = 8866E30F1C1DC3BC00E1BE9F /* AppDelegate.m */; };
		8866E3131C1DC3BC00E1BE9F /* ViewController.m in Sources */ = {isa = PBXBuildFile; fileRef = 8866E3121C1DC3BC00E1BE9F /* ViewController.m */; };
		8866E3161C1DC3BC00E1BE9F /* Main.storyboard in Resources */ = {isa = PBXBuildFile; fileRef = 8866E3141C1DC3BC00E1BE9F /* Main.storyboard */; };
		8866E3181C1DC3BC00E1BE9F /* Assets.xcassets in Resources */ = {isa = PBXBuildFile; fileRef = 8866E3171C1DC3BC00E1BE9F /* Assets.xcassets */; };
		8866E31B1C1DC3BC00E1BE9F /* LaunchScreen.storyboard in Resources */ = {isa = PBXBuildFile; fileRef = 8866E3191C1DC3BC00E1BE9F /* LaunchScreen.storyboard */; };
		8866E3261C1DC3BC00E1BE9F /* PrioritiesTests.m in Sources */ = {isa = PBXBuildFile; fileRef = 8866E3251C1DC3BC00E1BE9F /* PrioritiesTests.m */; };
/* End PBXBuildFile section */

/* Begin PBXContainerItemProxy section */
		8866E3221C1DC3BC00E1BE9F /* PBXContainerItemProxy */ = {
			isa = PBXContainerItemProxy;
			containerPortal = 8866E3001C1DC3BC00E1BE9F /* Project object */;
			proxyType = 1;
			remoteGlobalIDString = 8866E3071C1DC3BC00E1BE9F;
			remoteInfo = Priorities;
		};
/* End PBXContainerItemProxy section */

/* Begin PBXFileReference section */
		8866E3081C1DC3BC00E1BE9F /* Priorities.app */ = {isa = PBXFileReference; explicitFileType = wrapper.application; includeInIndex = 0; path = Priorities.app; sourceTree = BUILT_PRODUCTS_DIR; };
		8866E30C1C1DC3BC00E1BE9F /* main.m */ = {isa = PBXFileReference; lastKnownFileType = sourcecode.c.objc; path = main.m; sourceTree = "<group>"; };
		8866E30E1C1DC3BC00E1BE9F /* AppDelegate.h */ = {isa = PBXFileReference; lastKnownFileType = sourcecode.c.h; path = AppDelegate.h; sourceTree = "<group>"; };
		8866E30F1C1DC3BC00E1BE9F /* AppDelegate.m */ = {isa = PBXFileReference; lastKnownFileType = sourcecode.c.objc; path = AppDelegate.m; sourceTree = "<group>"; };
		8866E3111C1DC3BC00E1BE9F /* ViewController.h */ = {isa = PBXFileReference; lastKnownFileType = sourcecode.c.h; path = ViewController.h; sourceTree = "<group>"; };
		8866E3121C1DC3BC00E1BE9F /* ViewController.m */ = {isa = PBXFileReference; lastKnownFileType = sourcecode.c.objc; path = ViewController.m; sourceTree = "<group>"; };
		8866E3151C1DC3BC00E1BE9F /* Base */ = {isa = PBXFileReference; lastKnownFileType = file.storyboard; name = Base; path = Base.lproj/Main.storyboard; sourceTree = "<group>"; };
		8866E3171C1DC3BC00E1BE9F /* Assets.xcassets */ = {isa = PBXFileReference; lastKnownFileType = folder.assetcatalog; path = Assets.xcassets; sourceTree = "<group>"; };
		8866E31A1C1DC3BC00E1BE9F /* Base */ = {isa = PBXFileReference; lastKnownFileType = file.storyboard; name = Base; path = Base.lproj/LaunchScreen.storyboard; sourceTree = "<group>"; };
		8866E31C1C1DC3BC00E1BE9F /* Info.plist */ = {isa = PBXFileReference; lastKnownFileType = text.plist.xml; path = Info.plist; sourceTree = "<group>"; };
		8866E3211C1DC3BC00E1BE9F /* PrioritiesTests.xctest */ = {isa = PBXFileReference; explicitFileType = wrapper.cfbundle; includeInIndex = 0; path = PrioritiesTests.xctest; sourceTree = BUILT_PRODUCTS_DIR; };
		8866E3251C1DC3BC00E1BE9F /* PrioritiesTests.m */ = {isa = PBXFileReference; lastKnownFileType = sourcecode.c.objc; path = PrioritiesTests.m; sourceTree = "<group>"; };
		8866E3271C1DC3BC00E1BE9F /* Info.plist */ = {isa = PBXFileReference; lastKnownFileType = text.plist.xml; path = Info.plist; sourceTree = "<group>"; };
/* End PBXFileReference section */

/* Begin PBXFrameworksBuildPhase section */
		8866E3051C1DC3BC00E1BE9F /* Frameworks */ = {
			isa = PBXFrameworksBuildPhase;
			buildActionMask = 2147483647;
			files = (
			);
			runOnlyForDeploymentPostprocessing = 0;
		};
		8866E31E1C1DC3BC00E1BE9F /* Frameworks */ = {
			isa = PBXFrameworksBuildPhase;
			buildActionMask = 2147483647;
			files = (
			);
			runOnlyForDeploymentPostprocessing = 0;
		};
/* End PBXFrameworksBuildPhase section */

/* Begin PBXGroup section */
		8866E2FF1C1DC3BC00E1BE9F = {
			isa = PBXGroup;
			children = (
				8866E30A1C1DC3BC00E1BE9F /* Priorities */,
				8866E3241C1DC3BC00E1BE9F /* PrioritiesTests */,
				8866E3091C1DC3BC00E1BE9F /* Products */,
			);
			sourceTree = "<group>";
		};
		8866E3091C1DC3BC00E1BE9F /* Products */ = {
			isa = PBXGroup;
			children = (
				8866E3081C1DC3BC00E1BE9F /* Priorities.app */,
				8866E3211C1DC3BC00E1BE9F /* PrioritiesTests.xctest */,
			);
			name = Products;
			sourceTree = "<group>";
		};
		8866E30A1C1DC3BC00E1BE9F /* Priorities */ = {
			isa = PBXGroup;
			children = (
				8866E30E1C1DC3BC00E1BE9F /* AppDelegate.h */,
				8866E30F1C1DC3BC00E1BE9F /* AppDelegate.m */,
				8866E3111C1DC3BC00E1BE9F /* ViewController.h */,
				8866E3121C1DC3BC00E1BE9F /* ViewController.m */,
				8866E3141C1DC3BC00E1BE9F /* Main.storyboard */,
				8866E3171C1DC3BC00E1BE9F /* Assets.xcassets */,
				8866E3191C1DC3BC00E1BE9F /* LaunchScreen.storyboard */,
				8866E31C1C1DC3BC00E1BE9F /* Info.plist */,
				8866E30B1C1DC3BC00E1BE9F /* Supporting Files */,
			);
			path = Priorities;
			sourceTree = "<group>";
		};
		8866E30B1C1DC3BC00E1BE9F /* Supporting Files */ = {
			isa = PBXGroup;
			children = (
				8866E30C1C1DC3BC00E1BE9F /* main.m */,
			);
			name = "Supporting Files";
			sourceTree = "<group>";
		};
		8866E3241C1DC3BC00E1BE9F /* PrioritiesTests */ = {
			isa = PBXGroup;
			children = (
				8866E3251C1DC3BC00E1BE9F /* PrioritiesTests.m */,
				8866E3271C1DC3BC00E1BE9F /* Info.plist */,
			);
			path = PrioritiesTests;
			sourceTree = "<group>";
		};
/* End PBXGroup section */

/* Begin PBXNativeTarget section */
		8866E3071C1DC3BC00E1BE9F /* Priorities */ = {
			isa = PBXNativeTarget;
			buildConfigurationList = 8866E32A1C1DC3BC00E1BE9F /* Build configuration list for PBXNativeTarget "Priorities" */;
			buildPhases = (
				8866E3041C1DC3BC00E1BE9F /* Sources */,
				8866E3051C1DC3BC00E1BE9F /* Frameworks */,
				8866E3061C1DC3BC00E1BE9F /* Resources */,
			);
			buildRules = (
			);
			dependencies = (
			);
			name = Priorities;
			productName = Priorities;
			productReference = 8866E3081C1DC3BC00E1BE9F /* Priorities.app */;
			productType = "com.apple.product-type.application";
		};
		8866E3201C1DC3BC00E1BE9F /* PrioritiesTests */ = {
			isa = PBXNativeTarget;
			buildConfigurationList = 8866E32D1C1DC3BC00E1BE9F /* Build configuration list for PBXNativeTarget "PrioritiesTests" */;
			buildPhases = (
				8866E31D1C1DC3BC00E1BE9F /* Sources */,
				8866E31E1C1DC3BC00E1BE9F /* Frameworks */,
				8866E31F1C1DC3BC00E1BE9F /* Resources */,
			);
			buildRules = (
			);
			dependencies = (
				8866E3231C1DC3BC00E1BE9F /* PBXTargetDependency */,
			);
			name = PrioritiesTests;
			productName = PrioritiesTests;
			productReference = 8866E3211C1DC3BC00E1BE9F /* PrioritiesTests.xctest */;
			productType = "com.apple.product-type.bundle.unit-test";
		};
/* End PBXNativeTarget section */

/* Begin PBXProject section */
		8866E3001C1DC3BC00E1BE9F /* Project object */ = {
			isa = PBXProject;
			attributes = {
				LastUpgradeCheck = 0720;
				ORGANIZATIONNAME = Hayden;
				TargetAttributes = {
					8866E3071C1DC3BC00E1BE9F = {
						CreatedOnToolsVersion = 7.2;
						DevelopmentTeam = X3X797CEXZ;
					};
					8866E3201C1DC3BC00E1BE9F = {
						CreatedOnToolsVersion = 7.2;
						DevelopmentTeam = X3X797CEXZ;
						TestTargetID = 8866E3071C1DC3BC00E1BE9F;
					};
				};
			};
			buildConfigurationList = 8866E3031C1DC3BC00E1BE9F /* Build configuration list for PBXProject "Priorities" */;
			compatibilityVersion = "Xcode 3.2";
			developmentRegion = English;
			hasScannedForEncodings = 0;
			knownRegions = (
				en,
				Base,
			);
			mainGroup = 8866E2FF1C1DC3BC00E1BE9F;
			productRefGroup = 8866E3091C1DC3BC00E1BE9F /* Products */;
			projectDirPath = "";
			projectRoot = "";
			targets = (
				8866E3071C1DC3BC00E1BE9F /* Priorities */,
				8866E3201C1DC3BC00E1BE9F /* PrioritiesTests */,
			);
		};
/* End PBXProject section */

/* Begin PBXResourcesBuildPhase section */
		8866E3061C1DC3BC00E1BE9F /* Resources */ = {
			isa = PBXResourcesBuildPhase;
			buildActionMask = 2147483647;
			files = (
				8866E31B1C1DC3BC00E1BE9F /* LaunchScreen.storyboard in Resources */,
				8866E3181C1DC3BC00E1BE9F /* Assets.xcassets in Resources */,
				8866E3161C1DC3BC00E1BE9F /* Main.storyboard in Resources */,
			);
			runOnlyForDeploymentPostprocessing = 0;
		};
		8866E31F1C1DC3BC00E1BE9F /* Resources */ = {
			isa = PBXResourcesBuildPhase;
			buildActionMask = 2147483647;
			files = (
			);
			runOnlyForDeploymentPostprocessing = 0;
		};
/* End PBXResourcesBuildPhase section */

/* Begin PBXSourcesBuildPhase section */
		8866E3041C1DC3BC00E1BE9F /* Sources */ = {
			isa = PBXSourcesBuildPhase;
			buildActionMask = 2147483647;
			files = (
				8866E3131C1DC3BC00E1BE9F /* ViewController.m in Sources */,
				8866E3101C1DC3BC00E1BE9F /* AppDelegate.m in Sources */,
				8866E30D1C1DC3BC00E1BE9F /* main.m in Sources */,
			);
			runOnlyForDeploymentPostprocessing = 0;
		};
		8866E31D1C1DC3BC00E1BE9F /* Sources */ = {
			isa = PBXSourcesBuildPhase;
			buildActionMask = 2147483647;
			files = (
				8866E3261C1DC3BC00E1BE9F /* PrioritiesTests.m in Sources */,
			);
			runOnlyForDeploymentPostprocessing = 0;
		};
/* End PBXSourcesBuildPhase section */

/* Begin PBXTargetDependency section */
		8866E3231C1DC3BC00E1BE9F /* PBXTargetDependency */ = {
			isa = PBXTargetDependency;
			target = 8866E3071C1DC3BC00E1BE9F /* Priorities */;
			targetProxy = 8866E3221C1DC3BC00E1BE9F /* PBXContainerItemProxy */;
		};
/* End PBXTargetDependency section */

/* Begin PBXVariantGroup section */
		8866E3141C1DC3BC00E1BE9F /* Main.storyboard */ = {
			isa = PBXVariantGroup;
			children = (
				8866E3151C1DC3BC00E1BE9F /* Base */,
			);
			name = Main.storyboard;
			sourceTree = "<group>";
		};
		8866E3191C1DC3BC00E1BE9F /* LaunchScreen.storyboard */ = {
			isa = PBXVariantGroup;
			children = (
				8866E31A1C1DC3BC00E1BE9F /* Base */,
			);
			name = LaunchScreen.storyboard;
			sourceTree = "<group>";
		};
/* End PBXVariantGroup section */

/* Begin XCBuildConfiguration section */
		8866E3281C1DC3BC00E1BE9F /* Debug */ = {
			isa = XCBuildConfiguration;
			buildSettings = {
				ALWAYS_SEARCH_USER_PATHS = NO;
				CLANG_CXX_LANGUAGE_STANDARD = "gnu++0x";
				CLANG_CXX_LIBRARY = "libc++";
				CLANG_ENABLE_MODULES = YES;
				CLANG_ENABLE_OBJC_ARC = YES;
				CLANG_WARN_BOOL_CONVERSION = YES;
				CLANG_WARN_CONSTANT_CONVERSION = YES;
				CLANG_WARN_DIRECT_OBJC_ISA_USAGE = YES_ERROR;
				CLANG_WARN_EMPTY_BODY = YES;
				CLANG_WARN_ENUM_CONVERSION = YES;
				CLANG_WARN_INT_CONVERSION = YES;
				CLANG_WARN_OBJC_ROOT_CLASS = YES_ERROR;
				CLANG_WARN_UNREACHABLE_CODE = YES;
				CLANG_WARN__DUPLICATE_METHOD_MATCH = YES;
				"CODE_SIGN_IDENTITY[sdk=iphoneos*]" = "iPhone Developer";
				COPY_PHASE_STRIP = NO;
				DEBUG_INFORMATION_FORMAT = dwarf;
				ENABLE_STRICT_OBJC_MSGSEND = YES;
				ENABLE_TESTABILITY = YES;
				GCC_C_LANGUAGE_STANDARD = gnu99;
				GCC_DYNAMIC_NO_PIC = NO;
				GCC_NO_COMMON_BLOCKS = YES;
				GCC_OPTIMIZATION_LEVEL = 0;
				GCC_PREPROCESSOR_DEFINITIONS = (
					"DEBUG=1",
					"$(inherited)",
				);
				GCC_WARN_64_TO_32_BIT_CONVERSION = YES;
				GCC_WARN_ABOUT_RETURN_TYPE = YES_ERROR;
				GCC_WARN_UNDECLARED_SELECTOR = YES;
				GCC_WARN_UNINITIALIZED_AUTOS = YES_AGGRESSIVE;
				GCC_WARN_UNUSED_FUNCTION = YES;
				GCC_WARN_UNUSED_VARIABLE = YES;
				IPHONEOS_DEPLOYMENT_TARGET = 9.2;
				MTL_ENABLE_DEBUG_INFO = YES;
				ONLY_ACTIVE_ARCH = YES;
				SDKROOT = iphoneos;
			};
			name = Debug;
		};
		8866E3291C1DC3BC00E1BE9F /* Release */ = {
			isa = XCBuildConfiguration;
			buildSettings = {
				ALWAYS_SEARCH_USER_PATHS = NO;
				CLANG_CXX_LANGUAGE_STANDARD = "gnu++0x";
				CLANG_CXX_LIBRARY = "libc++";
				CLANG_ENABLE_MODULES = YES;
				CLANG_ENABLE_OBJC_ARC = YES;
				CLANG_WARN_BOOL_CONVERSION = YES;
				CLANG_WARN_CONSTANT_CONVERSION = YES;
				CLANG_WARN_DIRECT_OBJC_ISA_USAGE = YES_ERROR;
				CLANG_WARN_EMPTY_BODY = YES;
				CLANG_WARN_ENUM_CONVERSION = YES;
				CLANG_WARN_INT_CONVERSION = YES;
				CLANG_WARN_OBJC_ROOT_CLASS = YES_ERROR;
				CLANG_WARN_UNREACHABLE_CODE = YES;
				CLANG_WARN__DUPLICATE_METHOD_MATCH = YES;
				"CODE_SIGN_IDENTITY[sdk=iphoneos*]" = "iPhone Developer";
				COPY_PHASE_STRIP = NO;
				DEBUG_INFORMATION_FORMAT = "dwarf-with-dsym";
				ENABLE_NS_ASSERTIONS = NO;
				ENABLE_STRICT_OBJC_MSGSEND = YES;
				GCC_C_LANGUAGE_STANDARD = gnu99;
				GCC_NO_COMMON_BLOCKS = YES;
				GCC_WARN_64_TO_32_BIT_CONVERSION = YES;
				GCC_WARN_ABOUT_RETURN_TYPE = YES_ERROR;
				GCC_WARN_UNDECLARED_SELECTOR = YES;
				GCC_WARN_UNINITIALIZED_AUTOS = YES_AGGRESSIVE;
				GCC_WARN_UNUSED_FUNCTION = YES;
				GCC_WARN_UNUSED_VARIABLE = YES;
				IPHONEOS_DEPLOYMENT_TARGET = 9.2;
				MTL_ENABLE_DEBUG_INFO = NO;
				SDKROOT = iphoneos;
				VALIDATE_PRODUCT = YES;
			};
			name = Release;
		};
		8866E32B1C1DC3BC00E1BE9F /* Debug */ = {
			isa = XCBuildConfiguration;
			buildSettings = {
				ASSETCATALOG_COMPILER_APPICON_NAME = AppIcon;
				INFOPLIST_FILE = Priorities/Info.plist;
				LD_RUNPATH_SEARCH_PATHS = "$(inherited) @executable_path/Frameworks";
				PRODUCT_BUNDLE_IDENTIFIER = watch.Priorities;
				PRODUCT_NAME = "$(TARGET_NAME)";
			};
			name = Debug;
		};
		8866E32C1C1DC3BC00E1BE9F /* Release */ = {
			isa = XCBuildConfiguration;
			buildSettings = {
				ASSETCATALOG_COMPILER_APPICON_NAME = AppIcon;
				INFOPLIST_FILE = Priorities/Info.plist;
				LD_RUNPATH_SEARCH_PATHS = "$(inherited) @executable_path/Frameworks";
				PRODUCT_BUNDLE_IDENTIFIER = watch.Priorities;
				PRODUCT_NAME = "$(TARGET_NAME)";
			};
			name = Release;
		};
		8866E32E1C1DC3BC00E1BE9F /* Debug */ = {
			isa = XCBuildConfiguration;
			buildSettings = {
				BUNDLE_LOADER = "$(TEST_HOST)";
				INFOPLIST_FILE = PrioritiesTests/Info.plist;
				LD_RUNPATH_SEARCH_PATHS = "$(inherited) @executable_path/Frameworks @loader_path/Frameworks";
				PRODUCT_BUNDLE_IDENTIFIER = watch.PrioritiesTests;
				PRODUCT_NAME = "$(TARGET_NAME)";
				TEST_HOST = "$(BUILT_PRODUCTS_DIR)/Priorities.app/Priorities";
			};
			name = Debug;
		};
		8866E32F1C1DC3BC00E1BE9F /* Release */ = {
			isa = XCBuildConfiguration;
			buildSettings = {
				BUNDLE_LOADER = "$(TEST_HOST)";
				INFOPLIST_FILE = PrioritiesTests/Info.plist;
				LD_RUNPATH_SEARCH_PATHS = "$(inherited) @executable_path/Frameworks @loader_path/Frameworks";
				PRODUCT_BUNDLE_IDENTIFIER = watch.PrioritiesTests;
				PRODUCT_NAME = "$(TARGET_NAME)";
				TEST_HOST = "$(BUILT_PRODUCTS_DIR)/Priorities.app/Priorities";
			};
			name = Release;
		};
/* End XCBuildConfiguration section */

/* Begin XCConfigurationList section */
		8866E3031C1DC3BC00E1BE9F /* Build configuration list for PBXProject "Priorities" */ = {
			isa = XCConfigurationList;
			buildConfigurations = (
				8866E3281C1DC3BC00E1BE9F /* Debug */,
				8866E3291C1DC3BC00E1BE9F /* Release */,
			);
			defaultConfigurationIsVisible = 0;
			defaultConfigurationName = Release;
		};
		8866E32A1C1DC3BC00E1BE9F /* Build configuration list for PBXNativeTarget "Priorities" */ = {
			isa = XCConfigurationList;
			buildConfigurations = (
				8866E32B1C1DC3BC00E1BE9F /* Debug */,
				8866E32C1C1DC3BC00E1BE9F /* Release */,
			);
			defaultConfigurationIsVisible = 0;
		};
		8866E32D1C1DC3BC00E1BE9F /* Build configuration list for PBXNativeTarget "PrioritiesTests" */ = {
			isa = XCConfigurationList;
			buildConfigurations = (
				8866E32E1C1DC3BC00E1BE9F /* Debug */,
				8866E32F1C1DC3BC00E1BE9F /* Release */,
			);
			defaultConfigurationIsVisible = 0;
		};
/* End XCConfigurationList section */
	};
	rootObject = 8866E3001C1DC3BC00E1BE9F /* Project object */;
}
